
Microsoft Visual Studio Solution File, Format Version 12.00
# Visual Studio 15
VisualStudioVersion = 15.0.28010.2046
MinimumVisualStudioVersion = 10.0.40219.1
Project("{FAE04EC0-301F-11D3-BF4B-00C04F79EFBC}") = "POS", "POS\POS.csproj", "{A2027893-488A-419F-A69D-89B14BF83892}"
EndProject
Global
	GlobalSection(SolutionConfigurationPlatforms) = preSolution
		Debug|Any CPU = Debug|Any CPU
		Release|Any CPU = Release|Any CPU
	EndGlobalSection
	GlobalSection(ProjectConfigurationPlatforms) = postSolution
		{A2027893-488A-419F-A69D-89B14BF83892}.Debug|Any CPU.ActiveCfg = Debug|Any CPU
		{A2027893-488A-419F-A69D-89B14BF83892}.Debug|Any CPU.Build.0 = Debug|Any CPU
		{A2027893-488A-419F-A69D-89B14BF83892}.Release|Any CPU.ActiveCfg = Release|Any CPU
		{A2027893-488A-419F-A69D-89B14BF83892}.Release|Any CPU.Build.0 = Release|Any CPU
	EndGlobalSection
	GlobalSection(SolutionProperties) = preSolution
		HideSolutionNode = FALSE
	EndGlobalSection
	GlobalSection(ExtensibilityGlobals) = postSolution
		SolutionGuid = {B1DCBD35-4CD3-4508-A274-5260C43505D8}
	EndGlobalSection
EndGlobal
